// !$*UTF8*$!
{
	archiveVersion = 1;
	classes = {
	};
	objectVersion = 55;
	objects = {

/* Begin PBXBuildFile section */
		8AD023E927C0291800A12BC1 /* FioriThemeManagerColorsApp.swift in Sources */ = {isa = PBXBuildFile; fileRef = 8AD023E827C0291800A12BC1 /* FioriThemeManagerColorsApp.swift */; };
		8AD023ED27C0291C00A12BC1 /* Assets.xcassets in Resources */ = {isa = PBXBuildFile; fileRef = 8AD023EC27C0291C00A12BC1 /* Assets.xcassets */; };
		8AD023F027C0291C00A12BC1 /* Preview Assets.xcassets in Resources */ = {isa = PBXBuildFile; fileRef = 8AD023EF27C0291C00A12BC1 /* Preview Assets.xcassets */; };
		8AD023FE27C02A5500A12BC1 /* FioriSwiftUI in Frameworks */ = {isa = PBXBuildFile; productRef = 8AD023FD27C02A5500A12BC1 /* FioriSwiftUI */; };
		8AD0240827C02D2300A12BC1 /* ColorPaletteView.swift in Sources */ = {isa = PBXBuildFile; fileRef = 8AD0240227C02D2300A12BC1 /* ColorPaletteView.swift */; };
		8AD0240927C02D2300A12BC1 /* SidebarView.swift in Sources */ = {isa = PBXBuildFile; fileRef = 8AD0240327C02D2300A12BC1 /* SidebarView.swift */; };
		8AD0240A27C02D2300A12BC1 /* ContentView.swift in Sources */ = {isa = PBXBuildFile; fileRef = 8AD0240427C02D2300A12BC1 /* ContentView.swift */; };
		8AD0240B27C02D2300A12BC1 /* FioriThemeManager+Extensions.swift in Sources */ = {isa = PBXBuildFile; fileRef = 8AD0240627C02D2300A12BC1 /* FioriThemeManager+Extensions.swift */; };
		8AD0240C27C02D2300A12BC1 /* Color+Extension.swift in Sources */ = {isa = PBXBuildFile; fileRef = 8AD0240727C02D2300A12BC1 /* Color+Extension.swift */; };
		8AD0240D27C02F6B00A12BC1 /* FioriSwiftUI in Embed Frameworks */ = {isa = PBXBuildFile; productRef = 8AD023FD27C02A5500A12BC1 /* FioriSwiftUI */; settings = {ATTRIBUTES = (CodeSignOnCopy, ); }; };
/* End PBXBuildFile section */

/* Begin PBXCopyFilesBuildPhase section */
		8AD0240E27C02F6B00A12BC1 /* Embed Frameworks */ = {
			isa = PBXCopyFilesBuildPhase;
			buildActionMask = 2147483647;
			dstPath = "";
			dstSubfolderSpec = 10;
			files = (
				8AD0240D27C02F6B00A12BC1 /* FioriSwiftUI in Embed Frameworks */,
			);
			name = "Embed Frameworks";
			runOnlyForDeploymentPostprocessing = 0;
		};
/* End PBXCopyFilesBuildPhase section */

/* Begin PBXFileReference section */
		8AD023E527C0291800A12BC1 /* FioriThemeManagerColors.app */ = {isa = PBXFileReference; explicitFileType = wrapper.application; includeInIndex = 0; path = FioriThemeManagerColors.app; sourceTree = BUILT_PRODUCTS_DIR; };
		8AD023E827C0291800A12BC1 /* FioriThemeManagerColorsApp.swift */ = {isa = PBXFileReference; lastKnownFileType = sourcecode.swift; path = FioriThemeManagerColorsApp.swift; sourceTree = "<group>"; };
		8AD023EC27C0291C00A12BC1 /* Assets.xcassets */ = {isa = PBXFileReference; lastKnownFileType = folder.assetcatalog; path = Assets.xcassets; sourceTree = "<group>"; };
		8AD023EF27C0291C00A12BC1 /* Preview Assets.xcassets */ = {isa = PBXFileReference; lastKnownFileType = folder.assetcatalog; path = "Preview Assets.xcassets"; sourceTree = "<group>"; };
		8AD023FA27C029F900A12BC1 /* FioriThemeManagerColors.entitlements */ = {isa = PBXFileReference; lastKnownFileType = text.plist.entitlements; path = FioriThemeManagerColors.entitlements; sourceTree = "<group>"; };
		8AD023FB27C029FE00A12BC1 /* Info.plist */ = {isa = PBXFileReference; lastKnownFileType = text.plist; path = Info.plist; sourceTree = "<group>"; };
		8AD0240227C02D2300A12BC1 /* ColorPaletteView.swift */ = {isa = PBXFileReference; fileEncoding = 4; lastKnownFileType = sourcecode.swift; path = ColorPaletteView.swift; sourceTree = "<group>"; };
		8AD0240327C02D2300A12BC1 /* SidebarView.swift */ = {isa = PBXFileReference; fileEncoding = 4; lastKnownFileType = sourcecode.swift; path = SidebarView.swift; sourceTree = "<group>"; };
		8AD0240427C02D2300A12BC1 /* ContentView.swift */ = {isa = PBXFileReference; fileEncoding = 4; lastKnownFileType = sourcecode.swift; path = ContentView.swift; sourceTree = "<group>"; };
		8AD0240627C02D2300A12BC1 /* FioriThemeManager+Extensions.swift */ = {isa = PBXFileReference; fileEncoding = 4; lastKnownFileType = sourcecode.swift; path = "FioriThemeManager+Extensions.swift"; sourceTree = "<group>"; };
		8AD0240727C02D2300A12BC1 /* Color+Extension.swift */ = {isa = PBXFileReference; fileEncoding = 4; lastKnownFileType = sourcecode.swift; path = "Color+Extension.swift"; sourceTree = "<group>"; };
/* End PBXFileReference section */

/* Begin PBXFrameworksBuildPhase section */
		8AD023E227C0291800A12BC1 /* Frameworks */ = {
			isa = PBXFrameworksBuildPhase;
			buildActionMask = 2147483647;
			files = (
				8AD023FE27C02A5500A12BC1 /* FioriSwiftUI in Frameworks */,
			);
			runOnlyForDeploymentPostprocessing = 0;
		};
/* End PBXFrameworksBuildPhase section */

/* Begin PBXGroup section */
		8AD023DC27C0291700A12BC1 = {
			isa = PBXGroup;
			children = (
				8AD023E727C0291800A12BC1 /* FioriThemeManagerColors */,
				8AD023E627C0291800A12BC1 /* Products */,
			);
			sourceTree = "<group>";
		};
		8AD023E627C0291800A12BC1 /* Products */ = {
			isa = PBXGroup;
			children = (
				8AD023E527C0291800A12BC1 /* FioriThemeManagerColors.app */,
			);
			name = Products;
			sourceTree = "<group>";
		};
		8AD023E727C0291800A12BC1 /* FioriThemeManagerColors */ = {
			isa = PBXGroup;
			children = (
				8AD0240527C02D2300A12BC1 /* Extensions */,
				8AD0240127C02D2300A12BC1 /* Views */,
				8AD023FB27C029FE00A12BC1 /* Info.plist */,
				8AD023FA27C029F900A12BC1 /* FioriThemeManagerColors.entitlements */,
				8AD023E827C0291800A12BC1 /* FioriThemeManagerColorsApp.swift */,
				8AD023EC27C0291C00A12BC1 /* Assets.xcassets */,
				8AD023EE27C0291C00A12BC1 /* Preview Content */,
			);
			path = FioriThemeManagerColors;
			sourceTree = "<group>";
		};
		8AD023EE27C0291C00A12BC1 /* Preview Content */ = {
			isa = PBXGroup;
			children = (
				8AD023EF27C0291C00A12BC1 /* Preview Assets.xcassets */,
			);
			path = "Preview Content";
			sourceTree = "<group>";
		};
		8AD0240127C02D2300A12BC1 /* Views */ = {
			isa = PBXGroup;
			children = (
				8AD0240227C02D2300A12BC1 /* ColorPaletteView.swift */,
				8AD0240327C02D2300A12BC1 /* SidebarView.swift */,
				8AD0240427C02D2300A12BC1 /* ContentView.swift */,
			);
			path = Views;
			sourceTree = "<group>";
		};
		8AD0240527C02D2300A12BC1 /* Extensions */ = {
			isa = PBXGroup;
			children = (
				8AD0240627C02D2300A12BC1 /* FioriThemeManager+Extensions.swift */,
				8AD0240727C02D2300A12BC1 /* Color+Extension.swift */,
			);
			path = Extensions;
			sourceTree = "<group>";
		};
/* End PBXGroup section */

/* Begin PBXNativeTarget section */
		8AD023E427C0291800A12BC1 /* FioriThemeManagerColors */ = {
			isa = PBXNativeTarget;
			buildConfigurationList = 8AD023F327C0291C00A12BC1 /* Build configuration list for PBXNativeTarget "FioriThemeManagerColors" */;
			buildPhases = (
				8AD023E127C0291800A12BC1 /* Sources */,
				8AD023E227C0291800A12BC1 /* Frameworks */,
				8AD023E327C0291800A12BC1 /* Resources */,
				8AD0240E27C02F6B00A12BC1 /* Embed Frameworks */,
			);
			buildRules = (
			);
			dependencies = (
			);
			name = FioriThemeManagerColors;
			packageProductDependencies = (
				8AD023FD27C02A5500A12BC1 /* FioriSwiftUI */,
			);
			productName = FioriThemeManagerColors;
			productReference = 8AD023E527C0291800A12BC1 /* FioriThemeManagerColors.app */;
			productType = "com.apple.product-type.application";
		};
/* End PBXNativeTarget section */

/* Begin PBXProject section */
		8AD023DD27C0291700A12BC1 /* Project object */ = {
			isa = PBXProject;
			attributes = {
				BuildIndependentTargetsInParallel = 1;
				LastSwiftUpdateCheck = 1320;
				LastUpgradeCheck = 1320;
				TargetAttributes = {
					8AD023E427C0291800A12BC1 = {
						CreatedOnToolsVersion = 13.2.1;
					};
				};
			};
			buildConfigurationList = 8AD023E027C0291700A12BC1 /* Build configuration list for PBXProject "FioriThemeManagerColors" */;
			compatibilityVersion = "Xcode 13.0";
			developmentRegion = en;
			hasScannedForEncodings = 0;
			knownRegions = (
				en,
				Base,
			);
			mainGroup = 8AD023DC27C0291700A12BC1;
			packageReferences = (
				8AD023FC27C02A5500A12BC1 /* XCRemoteSwiftPackageReference "cloud-sdk-ios-fiori" */,
			);
			productRefGroup = 8AD023E627C0291800A12BC1 /* Products */;
			projectDirPath = "";
			projectRoot = "";
			targets = (
				8AD023E427C0291800A12BC1 /* FioriThemeManagerColors */,
			);
		};
/* End PBXProject section */

/* Begin PBXResourcesBuildPhase section */
		8AD023E327C0291800A12BC1 /* Resources */ = {
			isa = PBXResourcesBuildPhase;
			buildActionMask = 2147483647;
			files = (
				8AD023F027C0291C00A12BC1 /* Preview Assets.xcassets in Resources */,
				8AD023ED27C0291C00A12BC1 /* Assets.xcassets in Resources */,
			);
			runOnlyForDeploymentPostprocessing = 0;
		};
/* End PBXResourcesBuildPhase section */

/* Begin PBXSourcesBuildPhase section */
		8AD023E127C0291800A12BC1 /* Sources */ = {
			isa = PBXSourcesBuildPhase;
			buildActionMask = 2147483647;
			files = (
				8AD0240B27C02D2300A12BC1 /* FioriThemeManager+Extensions.swift in Sources */,
				8AD0240C27C02D2300A12BC1 /* Color+Extension.swift in Sources */,
				8AD0240827C02D2300A12BC1 /* ColorPaletteView.swift in Sources */,
				8AD023E927C0291800A12BC1 /* FioriThemeManagerColorsApp.swift in Sources */,
				8AD0240A27C02D2300A12BC1 /* ContentView.swift in Sources */,
				8AD0240927C02D2300A12BC1 /* SidebarView.swift in Sources */,
			);
			runOnlyForDeploymentPostprocessing = 0;
		};
/* End PBXSourcesBuildPhase section */

/* Begin XCBuildConfiguration section */
		8AD023F127C0291C00A12BC1 /* Debug */ = {
			isa = XCBuildConfiguration;
			buildSettings = {
				ALWAYS_SEARCH_USER_PATHS = NO;
				CLANG_ANALYZER_NONNULL = YES;
				CLANG_ANALYZER_NUMBER_OBJECT_CONVERSION = YES_AGGRESSIVE;
				CLANG_CXX_LANGUAGE_STANDARD = "gnu++17";
				CLANG_CXX_LIBRARY = "libc++";
				CLANG_ENABLE_MODULES = YES;
				CLANG_ENABLE_OBJC_ARC = YES;
				CLANG_ENABLE_OBJC_WEAK = YES;
				CLANG_WARN_BLOCK_CAPTURE_AUTORELEASING = YES;
				CLANG_WARN_BOOL_CONVERSION = YES;
				CLANG_WARN_COMMA = YES;
				CLANG_WARN_CONSTANT_CONVERSION = YES;
				CLANG_WARN_DEPRECATED_OBJC_IMPLEMENTATIONS = YES;
				CLANG_WARN_DIRECT_OBJC_ISA_USAGE = YES_ERROR;
				CLANG_WARN_DOCUMENTATION_COMMENTS = YES;
				CLANG_WARN_EMPTY_BODY = YES;
				CLANG_WARN_ENUM_CONVERSION = YES;
				CLANG_WARN_INFINITE_RECURSION = YES;
				CLANG_WARN_INT_CONVERSION = YES;
				CLANG_WARN_NON_LITERAL_NULL_CONVERSION = YES;
				CLANG_WARN_OBJC_IMPLICIT_RETAIN_SELF = YES;
				CLANG_WARN_OBJC_LITERAL_CONVERSION = YES;
				CLANG_WARN_OBJC_ROOT_CLASS = YES_ERROR;
				CLANG_WARN_QUOTED_INCLUDE_IN_FRAMEWORK_HEADER = YES;
				CLANG_WARN_RANGE_LOOP_ANALYSIS = YES;
				CLANG_WARN_STRICT_PROTOTYPES = YES;
				CLANG_WARN_SUSPICIOUS_MOVE = YES;
				CLANG_WARN_UNGUARDED_AVAILABILITY = YES_AGGRESSIVE;
				CLANG_WARN_UNREACHABLE_CODE = YES;
				CLANG_WARN__DUPLICATE_METHOD_MATCH = YES;
				COPY_PHASE_STRIP = NO;
				DEBUG_INFORMATION_FORMAT = dwarf;
				ENABLE_STRICT_OBJC_MSGSEND = YES;
				ENABLE_TESTABILITY = YES;
				GCC_C_LANGUAGE_STANDARD = gnu11;
				GCC_DYNAMIC_NO_PIC = NO;
				GCC_NO_COMMON_BLOCKS = YES;
				GCC_OPTIMIZATION_LEVEL = 0;
				GCC_PREPROCESSOR_DEFINITIONS = (
					"DEBUG=1",
					"$(inherited)",
				);
				GCC_WARN_64_TO_32_BIT_CONVERSION = YES;
				GCC_WARN_ABOUT_RETURN_TYPE = YES_ERROR;
				GCC_WARN_UNDECLARED_SELECTOR = YES;
				GCC_WARN_UNINITIALIZED_AUTOS = YES_AGGRESSIVE;
				GCC_WARN_UNUSED_FUNCTION = YES;
				GCC_WARN_UNUSED_VARIABLE = YES;
				IPHONEOS_DEPLOYMENT_TARGET = 15.0;
				MTL_ENABLE_DEBUG_INFO = INCLUDE_SOURCE;
				MTL_FAST_MATH = YES;
				ONLY_ACTIVE_ARCH = YES;
				SDKROOT = iphoneos;
				SWIFT_ACTIVE_COMPILATION_CONDITIONS = DEBUG;
				SWIFT_OPTIMIZATION_LEVEL = "-Onone";
			};
			name = Debug;
		};
		8AD023F227C0291C00A12BC1 /* Release */ = {
			isa = XCBuildConfiguration;
			buildSettings = {
				ALWAYS_SEARCH_USER_PATHS = NO;
				CLANG_ANALYZER_NONNULL = YES;
				CLANG_ANALYZER_NUMBER_OBJECT_CONVERSION = YES_AGGRESSIVE;
				CLANG_CXX_LANGUAGE_STANDARD = "gnu++17";
				CLANG_CXX_LIBRARY = "libc++";
				CLANG_ENABLE_MODULES = YES;
				CLANG_ENABLE_OBJC_ARC = YES;
				CLANG_ENABLE_OBJC_WEAK = YES;
				CLANG_WARN_BLOCK_CAPTURE_AUTORELEASING = YES;
				CLANG_WARN_BOOL_CONVERSION = YES;
				CLANG_WARN_COMMA = YES;
				CLANG_WARN_CONSTANT_CONVERSION = YES;
				CLANG_WARN_DEPRECATED_OBJC_IMPLEMENTATIONS = YES;
				CLANG_WARN_DIRECT_OBJC_ISA_USAGE = YES_ERROR;
				CLANG_WARN_DOCUMENTATION_COMMENTS = YES;
				CLANG_WARN_EMPTY_BODY = YES;
				CLANG_WARN_ENUM_CONVERSION = YES;
				CLANG_WARN_INFINITE_RECURSION = YES;
				CLANG_WARN_INT_CONVERSION = YES;
				CLANG_WARN_NON_LITERAL_NULL_CONVERSION = YES;
				CLANG_WARN_OBJC_IMPLICIT_RETAIN_SELF = YES;
				CLANG_WARN_OBJC_LITERAL_CONVERSION = YES;
				CLANG_WARN_OBJC_ROOT_CLASS = YES_ERROR;
				CLANG_WARN_QUOTED_INCLUDE_IN_FRAMEWORK_HEADER = YES;
				CLANG_WARN_RANGE_LOOP_ANALYSIS = YES;
				CLANG_WARN_STRICT_PROTOTYPES = YES;
				CLANG_WARN_SUSPICIOUS_MOVE = YES;
				CLANG_WARN_UNGUARDED_AVAILABILITY = YES_AGGRESSIVE;
				CLANG_WARN_UNREACHABLE_CODE = YES;
				CLANG_WARN__DUPLICATE_METHOD_MATCH = YES;
				COPY_PHASE_STRIP = NO;
				DEBUG_INFORMATION_FORMAT = "dwarf-with-dsym";
				ENABLE_NS_ASSERTIONS = NO;
				ENABLE_STRICT_OBJC_MSGSEND = YES;
				GCC_C_LANGUAGE_STANDARD = gnu11;
				GCC_NO_COMMON_BLOCKS = YES;
				GCC_WARN_64_TO_32_BIT_CONVERSION = YES;
				GCC_WARN_ABOUT_RETURN_TYPE = YES_ERROR;
				GCC_WARN_UNDECLARED_SELECTOR = YES;
				GCC_WARN_UNINITIALIZED_AUTOS = YES_AGGRESSIVE;
				GCC_WARN_UNUSED_FUNCTION = YES;
				GCC_WARN_UNUSED_VARIABLE = YES;
				IPHONEOS_DEPLOYMENT_TARGET = 15.0;
				MTL_ENABLE_DEBUG_INFO = NO;
				MTL_FAST_MATH = YES;
				SDKROOT = iphoneos;
				SWIFT_COMPILATION_MODE = wholemodule;
				SWIFT_OPTIMIZATION_LEVEL = "-O";
				VALIDATE_PRODUCT = YES;
			};
			name = Release;
		};
		8AD023F427C0291C00A12BC1 /* Debug */ = {
			isa = XCBuildConfiguration;
			buildSettings = {
				ASSETCATALOG_COMPILER_APPICON_NAME = AppIcon;
				ASSETCATALOG_COMPILER_GLOBAL_ACCENT_COLOR_NAME = AccentColor;
				CODE_SIGN_ENTITLEMENTS = FioriThemeManagerColors/FioriThemeManagerColors.entitlements;
				CODE_SIGN_STYLE = Automatic;
				CURRENT_PROJECT_VERSION = 1;
				DEVELOPMENT_ASSET_PATHS = "\"FioriThemeManagerColors/Preview Content\"";
				DEVELOPMENT_TEAM = 6V66CC3AN6;
				ENABLE_PREVIEWS = YES;
				GENERATE_INFOPLIST_FILE = YES;
				INFOPLIST_FILE = FioriThemeManagerColors/Info.plist;
				INFOPLIST_KEY_LSApplicationCategoryType = "public.app-category.developer-tools";
				INFOPLIST_KEY_UIApplicationSupportsIndirectInputEvents = YES;
				INFOPLIST_KEY_UILaunchScreen_Generation = YES;
				INFOPLIST_KEY_UIRequiresFullScreen = YES;
				INFOPLIST_KEY_UISupportedInterfaceOrientations_iPad = "UIInterfaceOrientationPortrait UIInterfaceOrientationPortraitUpsideDown UIInterfaceOrientationLandscapeLeft UIInterfaceOrientationLandscapeRight";
				INFOPLIST_KEY_UISupportedInterfaceOrientations_iPhone = "UIInterfaceOrientationPortrait UIInterfaceOrientationLandscapeLeft UIInterfaceOrientationLandscapeRight";
				IPHONEOS_DEPLOYMENT_TARGET = 15.0;
				LD_RUNPATH_SEARCH_PATHS = (
					"$(inherited)",
					"@executable_path/Frameworks",
				);
				MARKETING_VERSION = 1.0.1;
				PRODUCT_BUNDLE_IDENTIFIER = us.eidinger.FioriThemeManagerColors;
				PRODUCT_NAME = "$(TARGET_NAME)";
				SUPPORTS_MACCATALYST = YES;
				SWIFT_EMIT_LOC_STRINGS = YES;
				SWIFT_VERSION = 5.0;
				TARGETED_DEVICE_FAMILY = 2;
			};
			name = Debug;
		};
		8AD023F527C0291C00A12BC1 /* Release */ = {
			isa = XCBuildConfiguration;
			buildSettings = {
				ASSETCATALOG_COMPILER_APPICON_NAME = AppIcon;
				ASSETCATALOG_COMPILER_GLOBAL_ACCENT_COLOR_NAME = AccentColor;
				CODE_SIGN_ENTITLEMENTS = FioriThemeManagerColors/FioriThemeManagerColors.entitlements;
				CODE_SIGN_STYLE = Automatic;
				CURRENT_PROJECT_VERSION = 1;
				DEVELOPMENT_ASSET_PATHS = "\"FioriThemeManagerColors/Preview Content\"";
				DEVELOPMENT_TEAM = 6V66CC3AN6;
				ENABLE_PREVIEWS = YES;
				GENERATE_INFOPLIST_FILE = YES;
				INFOPLIST_FILE = FioriThemeManagerColors/Info.plist;
				INFOPLIST_KEY_LSApplicationCategoryType = "public.app-category.developer-tools";
				INFOPLIST_KEY_UIApplicationSupportsIndirectInputEvents = YES;
				INFOPLIST_KEY_UILaunchScreen_Generation = YES;
				INFOPLIST_KEY_UIRequiresFullScreen = YES;
				INFOPLIST_KEY_UISupportedInterfaceOrientations_iPad = "UIInterfaceOrientationPortrait UIInterfaceOrientationPortraitUpsideDown UIInterfaceOrientationLandscapeLeft UIInterfaceOrientationLandscapeRight";
				INFOPLIST_KEY_UISupportedInterfaceOrientations_iPhone = "UIInterfaceOrientationPortrait UIInterfaceOrientationLandscapeLeft UIInterfaceOrientationLandscapeRight";
				IPHONEOS_DEPLOYMENT_TARGET = 15.0;
				LD_RUNPATH_SEARCH_PATHS = (
					"$(inherited)",
					"@executable_path/Frameworks",
				);
				MARKETING_VERSION = 1.0.1;
				PRODUCT_BUNDLE_IDENTIFIER = us.eidinger.FioriThemeManagerColors;
				PRODUCT_NAME = "$(TARGET_NAME)";
				SUPPORTS_MACCATALYST = YES;
				SWIFT_EMIT_LOC_STRINGS = YES;
				SWIFT_VERSION = 5.0;
				TARGETED_DEVICE_FAMILY = 2;
			};
			name = Release;
		};
/* End XCBuildConfiguration section */

/* Begin XCConfigurationList section */
		8AD023E027C0291700A12BC1 /* Build configuration list for PBXProject "FioriThemeManagerColors" */ = {
			isa = XCConfigurationList;
			buildConfigurations = (
				8AD023F127C0291C00A12BC1 /* Debug */,
				8AD023F227C0291C00A12BC1 /* Release */,
			);
			defaultConfigurationIsVisible = 0;
			defaultConfigurationName = Release;
		};
		8AD023F327C0291C00A12BC1 /* Build configuration list for PBXNativeTarget "FioriThemeManagerColors" */ = {
			isa = XCConfigurationList;
			buildConfigurations = (
				8AD023F427C0291C00A12BC1 /* Debug */,
				8AD023F527C0291C00A12BC1 /* Release */,
			);
			defaultConfigurationIsVisible = 0;
			defaultConfigurationName = Release;
		};
/* End XCConfigurationList section */

/* Begin XCRemoteSwiftPackageReference section */
		8AD023FC27C02A5500A12BC1 /* XCRemoteSwiftPackageReference "cloud-sdk-ios-fiori" */ = {
			isa = XCRemoteSwiftPackageReference;
			repositoryURL = "https://github.com/SAP/cloud-sdk-ios-fiori";
			requirement = {
				kind = upToNextMajorVersion;
				minimumVersion = 2.0.0;
			};
		};
/* End XCRemoteSwiftPackageReference section */

/* Begin XCSwiftPackageProductDependency section */
		8AD023FD27C02A5500A12BC1 /* FioriSwiftUI */ = {
			isa = XCSwiftPackageProductDependency;
			package = 8AD023FC27C02A5500A12BC1 /* XCRemoteSwiftPackageReference "cloud-sdk-ios-fiori" */;
			productName = FioriSwiftUI;
		};
/* End XCSwiftPackageProductDependency section */
	};
	rootObject = 8AD023DD27C0291700A12BC1 /* Project object */;
}
